
Microsoft Visual Studio Solution File, Format Version 12.00
# Visual Studio Version 17
VisualStudioVersion = 17.4.33110.190
MinimumVisualStudioVersion = 10.0.40219.1
Project("{9A19103F-16F7-4668-BE54-9A1E7A4F7556}") = "Quiz4Exercise1", "Quiz4Exercise1\Quiz4Exercise1.csproj", "{6097C8A1-6A84-4B27-9755-36B0901E885D}"
EndProject
Project("{2150E333-8FDC-42A3-9474-1A3956D46DE8}") = "Quiz4Exercise2", "Quiz4Exercise2", "{4DF2AC96-C083-4BA4-8D7E-5BDB12975454}"
EndProject
Project("{FAE04EC0-301F-11D3-BF4B-00C04F79EFBC}") = "Quiz4Exercise2", "Quiz4Exercise2\Quiz4Exercise2.csproj", "{9BDB8A13-9B9E-4070-9B3B-1CF3CF944D49}"
EndProject
Project("{2150E333-8FDC-42A3-9474-1A3956D46DE8}") = "Quiz4Exercise3", "Quiz4Exercise3", "{ED7B433B-4F50-43D3-B61C-A41C91B31833}"
EndProject
Project("{FAE04EC0-301F-11D3-BF4B-00C04F79EFBC}") = "Quiz4Exercise3", "Quiz4Exercise3\Quiz4Exercise3.csproj", "{A82C475A-8F16-4016-942D-D0943EC62D8A}"
EndProject
Project("{2150E333-8FDC-42A3-9474-1A3956D46DE8}") = "Quiz4Exercise4", "Quiz4Exercise4", "{21599449-47D3-4C07-9D6C-C9599AF89E11}"
EndProject
Project("{FAE04EC0-301F-11D3-BF4B-00C04F79EFBC}") = "Quiz4Exercise4", "Quiz4Exercise4\Quiz4Exercise4.csproj", "{57771C06-CB81-4E48-BCF3-47D6D3035BB8}"
EndProject
Global
	GlobalSection(SolutionConfigurationPlatforms) = preSolution
		Debug|Any CPU = Debug|Any CPU
		Release|Any CPU = Release|Any CPU
	EndGlobalSection
	GlobalSection(ProjectConfigurationPlatforms) = postSolution
		{6097C8A1-6A84-4B27-9755-36B0901E885D}.Debug|Any CPU.ActiveCfg = Debug|Any CPU
		{6097C8A1-6A84-4B27-9755-36B0901E885D}.Debug|Any CPU.Build.0 = Debug|Any CPU
		{6097C8A1-6A84-4B27-9755-36B0901E885D}.Release|Any CPU.ActiveCfg = Release|Any CPU
		{6097C8A1-6A84-4B27-9755-36B0901E885D}.Release|Any CPU.Build.0 = Release|Any CPU
		{9BDB8A13-9B9E-4070-9B3B-1CF3CF944D49}.Debug|Any CPU.ActiveCfg = Debug|Any CPU
		{9BDB8A13-9B9E-4070-9B3B-1CF3CF944D49}.Debug|Any CPU.Build.0 = Debug|Any CPU
		{9BDB8A13-9B9E-4070-9B3B-1CF3CF944D49}.Release|Any CPU.ActiveCfg = Release|Any CPU
		{9BDB8A13-9B9E-4070-9B3B-1CF3CF944D49}.Release|Any CPU.Build.0 = Release|Any CPU
		{A82C475A-8F16-4016-942D-D0943EC62D8A}.Debug|Any CPU.ActiveCfg = Debug|Any CPU
		{A82C475A-8F16-4016-942D-D0943EC62D8A}.Debug|Any CPU.Build.0 = Debug|Any CPU
		{A82C475A-8F16-4016-942D-D0943EC62D8A}.Release|Any CPU.ActiveCfg = Release|Any CPU
		{A82C475A-8F16-4016-942D-D0943EC62D8A}.Release|Any CPU.Build.0 = Release|Any CPU
		{57771C06-CB81-4E48-BCF3-47D6D3035BB8}.Debug|Any CPU.ActiveCfg = Debug|Any CPU
		{57771C06-CB81-4E48-BCF3-47D6D3035BB8}.Debug|Any CPU.Build.0 = Debug|Any CPU
		{57771C06-CB81-4E48-BCF3-47D6D3035BB8}.Release|Any CPU.ActiveCfg = Release|Any CPU
		{57771C06-CB81-4E48-BCF3-47D6D3035BB8}.Release|Any CPU.Build.0 = Release|Any CPU
	EndGlobalSection
	GlobalSection(SolutionProperties) = preSolution
		HideSolutionNode = FALSE
	EndGlobalSection
	GlobalSection(NestedProjects) = preSolution
		{9BDB8A13-9B9E-4070-9B3B-1CF3CF944D49} = {4DF2AC96-C083-4BA4-8D7E-5BDB12975454}
		{A82C475A-8F16-4016-942D-D0943EC62D8A} = {ED7B433B-4F50-43D3-B61C-A41C91B31833}
		{57771C06-CB81-4E48-BCF3-47D6D3035BB8} = {21599449-47D3-4C07-9D6C-C9599AF89E11}
	EndGlobalSection
	GlobalSection(ExtensibilityGlobals) = postSolution
		SolutionGuid = {5DF662C0-EC5E-4A18-A5B7-4E02205B5461}
	EndGlobalSection
EndGlobal
